// !$*UTF8*$!
{
	archiveVersion = 1;
	classes = {
	};
	objectVersion = 50;
	objects = {

/* Begin PBXBuildFile section */
		65DE0F122504323B00177DB3 /* AppDelegate.swift in Sources */ = {isa = PBXBuildFile; fileRef = 65DE0F112504323B00177DB3 /* AppDelegate.swift */; };
		65DE0F142504323B00177DB3 /* SceneDelegate.swift in Sources */ = {isa = PBXBuildFile; fileRef = 65DE0F132504323B00177DB3 /* SceneDelegate.swift */; };
		65DE0F162504323B00177DB3 /* ViewController.swift in Sources */ = {isa = PBXBuildFile; fileRef = 65DE0F152504323B00177DB3 /* ViewController.swift */; };
		65DE0F192504323B00177DB3 /* Main.storyboard in Resources */ = {isa = PBXBuildFile; fileRef = 65DE0F172504323B00177DB3 /* Main.storyboard */; };
		65DE0F1C2504323B00177DB3 /* opiAID_project.xcdatamodeld in Sources */ = {isa = PBXBuildFile; fileRef = 65DE0F1A2504323B00177DB3 /* opiAID_project.xcdatamodeld */; };
		65DE0F1E2504323E00177DB3 /* Assets.xcassets in Resources */ = {isa = PBXBuildFile; fileRef = 65DE0F1D2504323E00177DB3 /* Assets.xcassets */; };
		65DE0F212504323E00177DB3 /* LaunchScreen.storyboard in Resources */ = {isa = PBXBuildFile; fileRef = 65DE0F1F2504323E00177DB3 /* LaunchScreen.storyboard */; };
		65DE0F2C2504323F00177DB3 /* opiAID_projectTests.swift in Sources */ = {isa = PBXBuildFile; fileRef = 65DE0F2B2504323F00177DB3 /* opiAID_projectTests.swift */; };
		65DE0F372504323F00177DB3 /* opiAID_projectUITests.swift in Sources */ = {isa = PBXBuildFile; fileRef = 65DE0F362504323F00177DB3 /* opiAID_projectUITests.swift */; };
/* End PBXBuildFile section */

/* Begin PBXContainerItemProxy section */
		65DE0F282504323F00177DB3 /* PBXContainerItemProxy */ = {
			isa = PBXContainerItemProxy;
			containerPortal = 65DE0F062504323B00177DB3 /* Project object */;
			proxyType = 1;
			remoteGlobalIDString = 65DE0F0D2504323B00177DB3;
			remoteInfo = "opiAID project";
		};
		65DE0F332504323F00177DB3 /* PBXContainerItemProxy */ = {
			isa = PBXContainerItemProxy;
			containerPortal = 65DE0F062504323B00177DB3 /* Project object */;
			proxyType = 1;
			remoteGlobalIDString = 65DE0F0D2504323B00177DB3;
			remoteInfo = "opiAID project";
		};
/* End PBXContainerItemProxy section */

/* Begin PBXFileReference section */
		65DE0F0E2504323B00177DB3 /* opiAID project.app */ = {isa = PBXFileReference; explicitFileType = wrapper.application; includeInIndex = 0; path = "opiAID project.app"; sourceTree = BUILT_PRODUCTS_DIR; };
		65DE0F112504323B00177DB3 /* AppDelegate.swift */ = {isa = PBXFileReference; lastKnownFileType = sourcecode.swift; path = AppDelegate.swift; sourceTree = "<group>"; };
		65DE0F132504323B00177DB3 /* SceneDelegate.swift */ = {isa = PBXFileReference; lastKnownFileType = sourcecode.swift; path = SceneDelegate.swift; sourceTree = "<group>"; };
		65DE0F152504323B00177DB3 /* ViewController.swift */ = {isa = PBXFileReference; lastKnownFileType = sourcecode.swift; path = ViewController.swift; sourceTree = "<group>"; };
		65DE0F182504323B00177DB3 /* Base */ = {isa = PBXFileReference; lastKnownFileType = file.storyboard; name = Base; path = Base.lproj/Main.storyboard; sourceTree = "<group>"; };
		65DE0F1B2504323B00177DB3 /* opiAID_project.xcdatamodel */ = {isa = PBXFileReference; lastKnownFileType = wrapper.xcdatamodel; path = opiAID_project.xcdatamodel; sourceTree = "<group>"; };
		65DE0F1D2504323E00177DB3 /* Assets.xcassets */ = {isa = PBXFileReference; lastKnownFileType = folder.assetcatalog; path = Assets.xcassets; sourceTree = "<group>"; };
		65DE0F202504323E00177DB3 /* Base */ = {isa = PBXFileReference; lastKnownFileType = file.storyboard; name = Base; path = Base.lproj/LaunchScreen.storyboard; sourceTree = "<group>"; };
		65DE0F222504323E00177DB3 /* Info.plist */ = {isa = PBXFileReference; lastKnownFileType = text.plist.xml; path = Info.plist; sourceTree = "<group>"; };
		65DE0F272504323F00177DB3 /* opiAID projectTests.xctest */ = {isa = PBXFileReference; explicitFileType = wrapper.cfbundle; includeInIndex = 0; path = "opiAID projectTests.xctest"; sourceTree = BUILT_PRODUCTS_DIR; };
		65DE0F2B2504323F00177DB3 /* opiAID_projectTests.swift */ = {isa = PBXFileReference; lastKnownFileType = sourcecode.swift; path = opiAID_projectTests.swift; sourceTree = "<group>"; };
		65DE0F2D2504323F00177DB3 /* Info.plist */ = {isa = PBXFileReference; lastKnownFileType = text.plist.xml; path = Info.plist; sourceTree = "<group>"; };
		65DE0F322504323F00177DB3 /* opiAID projectUITests.xctest */ = {isa = PBXFileReference; explicitFileType = wrapper.cfbundle; includeInIndex = 0; path = "opiAID projectUITests.xctest"; sourceTree = BUILT_PRODUCTS_DIR; };
		65DE0F362504323F00177DB3 /* opiAID_projectUITests.swift */ = {isa = PBXFileReference; lastKnownFileType = sourcecode.swift; path = opiAID_projectUITests.swift; sourceTree = "<group>"; };
		65DE0F382504323F00177DB3 /* Info.plist */ = {isa = PBXFileReference; lastKnownFileType = text.plist.xml; path = Info.plist; sourceTree = "<group>"; };
/* End PBXFileReference section */

/* Begin PBXFrameworksBuildPhase section */
		65DE0F0B2504323B00177DB3 /* Frameworks */ = {
			isa = PBXFrameworksBuildPhase;
			buildActionMask = 2147483647;
			files = (
			);
			runOnlyForDeploymentPostprocessing = 0;
		};
		65DE0F242504323F00177DB3 /* Frameworks */ = {
			isa = PBXFrameworksBuildPhase;
			buildActionMask = 2147483647;
			files = (
			);
			runOnlyForDeploymentPostprocessing = 0;
		};
		65DE0F2F2504323F00177DB3 /* Frameworks */ = {
			isa = PBXFrameworksBuildPhase;
			buildActionMask = 2147483647;
			files = (
			);
			runOnlyForDeploymentPostprocessing = 0;
		};
/* End PBXFrameworksBuildPhase section */

/* Begin PBXGroup section */
		65DE0F052504323B00177DB3 = {
			isa = PBXGroup;
			children = (
				65DE0F102504323B00177DB3 /* opiAID project */,
				65DE0F2A2504323F00177DB3 /* opiAID projectTests */,
				65DE0F352504323F00177DB3 /* opiAID projectUITests */,
				65DE0F0F2504323B00177DB3 /* Products */,
			);
			sourceTree = "<group>";
		};
		65DE0F0F2504323B00177DB3 /* Products */ = {
			isa = PBXGroup;
			children = (
				65DE0F0E2504323B00177DB3 /* opiAID project.app */,
				65DE0F272504323F00177DB3 /* opiAID projectTests.xctest */,
				65DE0F322504323F00177DB3 /* opiAID projectUITests.xctest */,
			);
			name = Products;
			sourceTree = "<group>";
		};
		65DE0F102504323B00177DB3 /* opiAID project */ = {
			isa = PBXGroup;
			children = (
				65DE0F112504323B00177DB3 /* AppDelegate.swift */,
				65DE0F132504323B00177DB3 /* SceneDelegate.swift */,
				65DE0F152504323B00177DB3 /* ViewController.swift */,
				65DE0F172504323B00177DB3 /* Main.storyboard */,
				65DE0F1D2504323E00177DB3 /* Assets.xcassets */,
				65DE0F1F2504323E00177DB3 /* LaunchScreen.storyboard */,
				65DE0F222504323E00177DB3 /* Info.plist */,
				65DE0F1A2504323B00177DB3 /* opiAID_project.xcdatamodeld */,
			);
			path = "opiAID project";
			sourceTree = "<group>";
		};
		65DE0F2A2504323F00177DB3 /* opiAID projectTests */ = {
			isa = PBXGroup;
			children = (
				65DE0F2B2504323F00177DB3 /* opiAID_projectTests.swift */,
				65DE0F2D2504323F00177DB3 /* Info.plist */,
			);
			path = "opiAID projectTests";
			sourceTree = "<group>";
		};
		65DE0F352504323F00177DB3 /* opiAID projectUITests */ = {
			isa = PBXGroup;
			children = (
				65DE0F362504323F00177DB3 /* opiAID_projectUITests.swift */,
				65DE0F382504323F00177DB3 /* Info.plist */,
			);
			path = "opiAID projectUITests";
			sourceTree = "<group>";
		};
/* End PBXGroup section */

/* Begin PBXNativeTarget section */
		65DE0F0D2504323B00177DB3 /* opiAID project */ = {
			isa = PBXNativeTarget;
			buildConfigurationList = 65DE0F3B2504323F00177DB3 /* Build configuration list for PBXNativeTarget "opiAID project" */;
			buildPhases = (
				65DE0F0A2504323B00177DB3 /* Sources */,
				65DE0F0B2504323B00177DB3 /* Frameworks */,
				65DE0F0C2504323B00177DB3 /* Resources */,
			);
			buildRules = (
			);
			dependencies = (
			);
			name = "opiAID project";
			productName = "opiAID project";
			productReference = 65DE0F0E2504323B00177DB3 /* opiAID project.app */;
			productType = "com.apple.product-type.application";
		};
		65DE0F262504323F00177DB3 /* opiAID projectTests */ = {
			isa = PBXNativeTarget;
			buildConfigurationList = 65DE0F3E2504323F00177DB3 /* Build configuration list for PBXNativeTarget "opiAID projectTests" */;
			buildPhases = (
				65DE0F232504323F00177DB3 /* Sources */,
				65DE0F242504323F00177DB3 /* Frameworks */,
				65DE0F252504323F00177DB3 /* Resources */,
			);
			buildRules = (
			);
			dependencies = (
				65DE0F292504323F00177DB3 /* PBXTargetDependency */,
			);
			name = "opiAID projectTests";
			productName = "opiAID projectTests";
			productReference = 65DE0F272504323F00177DB3 /* opiAID projectTests.xctest */;
			productType = "com.apple.product-type.bundle.unit-test";
		};
		65DE0F312504323F00177DB3 /* opiAID projectUITests */ = {
			isa = PBXNativeTarget;
			buildConfigurationList = 65DE0F412504323F00177DB3 /* Build configuration list for PBXNativeTarget "opiAID projectUITests" */;
			buildPhases = (
				65DE0F2E2504323F00177DB3 /* Sources */,
				65DE0F2F2504323F00177DB3 /* Frameworks */,
				65DE0F302504323F00177DB3 /* Resources */,
			);
			buildRules = (
			);
			dependencies = (
				65DE0F342504323F00177DB3 /* PBXTargetDependency */,
			);
			name = "opiAID projectUITests";
			productName = "opiAID projectUITests";
			productReference = 65DE0F322504323F00177DB3 /* opiAID projectUITests.xctest */;
			productType = "com.apple.product-type.bundle.ui-testing";
		};
/* End PBXNativeTarget section */

/* Begin PBXProject section */
		65DE0F062504323B00177DB3 /* Project object */ = {
			isa = PBXProject;
			attributes = {
				LastSwiftUpdateCheck = 1150;
				LastUpgradeCheck = 1150;
				ORGANIZATIONNAME = "Grace Chang";
				TargetAttributes = {
					65DE0F0D2504323B00177DB3 = {
						CreatedOnToolsVersion = 11.5;
					};
					65DE0F262504323F00177DB3 = {
						CreatedOnToolsVersion = 11.5;
						TestTargetID = 65DE0F0D2504323B00177DB3;
					};
					65DE0F312504323F00177DB3 = {
						CreatedOnToolsVersion = 11.5;
						TestTargetID = 65DE0F0D2504323B00177DB3;
					};
				};
			};
			buildConfigurationList = 65DE0F092504323B00177DB3 /* Build configuration list for PBXProject "opiAID project" */;
			compatibilityVersion = "Xcode 9.3";
			developmentRegion = en;
			hasScannedForEncodings = 0;
			knownRegions = (
				en,
				Base,
			);
			mainGroup = 65DE0F052504323B00177DB3;
			productRefGroup = 65DE0F0F2504323B00177DB3 /* Products */;
			projectDirPath = "";
			projectRoot = "";
			targets = (
				65DE0F0D2504323B00177DB3 /* opiAID project */,
				65DE0F262504323F00177DB3 /* opiAID projectTests */,
				65DE0F312504323F00177DB3 /* opiAID projectUITests */,
			);
		};
/* End PBXProject section */

/* Begin PBXResourcesBuildPhase section */
		65DE0F0C2504323B00177DB3 /* Resources */ = {
			isa = PBXResourcesBuildPhase;
			buildActionMask = 2147483647;
			files = (
				65DE0F212504323E00177DB3 /* LaunchScreen.storyboard in Resources */,
				65DE0F1E2504323E00177DB3 /* Assets.xcassets in Resources */,
				65DE0F192504323B00177DB3 /* Main.storyboard in Resources */,
			);
			runOnlyForDeploymentPostprocessing = 0;
		};
		65DE0F252504323F00177DB3 /* Resources */ = {
			isa = PBXResourcesBuildPhase;
			buildActionMask = 2147483647;
			files = (
			);
			runOnlyForDeploymentPostprocessing = 0;
		};
		65DE0F302504323F00177DB3 /* Resources */ = {
			isa = PBXResourcesBuildPhase;
			buildActionMask = 2147483647;
			files = (
			);
			runOnlyForDeploymentPostprocessing = 0;
		};
/* End PBXResourcesBuildPhase section */

/* Begin PBXSourcesBuildPhase section */
		65DE0F0A2504323B00177DB3 /* Sources */ = {
			isa = PBXSourcesBuildPhase;
			buildActionMask = 2147483647;
			files = (
				65DE0F162504323B00177DB3 /* ViewController.swift in Sources */,
				65DE0F122504323B00177DB3 /* AppDelegate.swift in Sources */,
				65DE0F142504323B00177DB3 /* SceneDelegate.swift in Sources */,
				65DE0F1C2504323B00177DB3 /* opiAID_project.xcdatamodeld in Sources */,
			);
			runOnlyForDeploymentPostprocessing = 0;
		};
		65DE0F232504323F00177DB3 /* Sources */ = {
			isa = PBXSourcesBuildPhase;
			buildActionMask = 2147483647;
			files = (
				65DE0F2C2504323F00177DB3 /* opiAID_projectTests.swift in Sources */,
			);
			runOnlyForDeploymentPostprocessing = 0;
		};
		65DE0F2E2504323F00177DB3 /* Sources */ = {
			isa = PBXSourcesBuildPhase;
			buildActionMask = 2147483647;
			files = (
				65DE0F372504323F00177DB3 /* opiAID_projectUITests.swift in Sources */,
			);
			runOnlyForDeploymentPostprocessing = 0;
		};
/* End PBXSourcesBuildPhase section */

/* Begin PBXTargetDependency section */
		65DE0F292504323F00177DB3 /* PBXTargetDependency */ = {
			isa = PBXTargetDependency;
			target = 65DE0F0D2504323B00177DB3 /* opiAID project */;
			targetProxy = 65DE0F282504323F00177DB3 /* PBXContainerItemProxy */;
		};
		65DE0F342504323F00177DB3 /* PBXTargetDependency */ = {
			isa = PBXTargetDependency;
			target = 65DE0F0D2504323B00177DB3 /* opiAID project */;
			targetProxy = 65DE0F332504323F00177DB3 /* PBXContainerItemProxy */;
		};
/* End PBXTargetDependency section */

/* Begin PBXVariantGroup section */
		65DE0F172504323B00177DB3 /* Main.storyboard */ = {
			isa = PBXVariantGroup;
			children = (
				65DE0F182504323B00177DB3 /* Base */,
			);
			name = Main.storyboard;
			sourceTree = "<group>";
		};
		65DE0F1F2504323E00177DB3 /* LaunchScreen.storyboard */ = {
			isa = PBXVariantGroup;
			children = (
				65DE0F202504323E00177DB3 /* Base */,
			);
			name = LaunchScreen.storyboard;
			sourceTree = "<group>";
		};
/* End PBXVariantGroup section */

/* Begin XCBuildConfiguration section */
		65DE0F392504323F00177DB3 /* Debug */ = {
			isa = XCBuildConfiguration;
			buildSettings = {
				ALWAYS_SEARCH_USER_PATHS = NO;
				CLANG_ANALYZER_NONNULL = YES;
				CLANG_ANALYZER_NUMBER_OBJECT_CONVERSION = YES_AGGRESSIVE;
				CLANG_CXX_LANGUAGE_STANDARD = "gnu++14";
				CLANG_CXX_LIBRARY = "libc++";
				CLANG_ENABLE_MODULES = YES;
				CLANG_ENABLE_OBJC_ARC = YES;
				CLANG_ENABLE_OBJC_WEAK = YES;
				CLANG_WARN_BLOCK_CAPTURE_AUTORELEASING = YES;
				CLANG_WARN_BOOL_CONVERSION = YES;
				CLANG_WARN_COMMA = YES;
				CLANG_WARN_CONSTANT_CONVERSION = YES;
				CLANG_WARN_DEPRECATED_OBJC_IMPLEMENTATIONS = YES;
				CLANG_WARN_DIRECT_OBJC_ISA_USAGE = YES_ERROR;
				CLANG_WARN_DOCUMENTATION_COMMENTS = YES;
				CLANG_WARN_EMPTY_BODY = YES;
				CLANG_WARN_ENUM_CONVERSION = YES;
				CLANG_WARN_INFINITE_RECURSION = YES;
				CLANG_WARN_INT_CONVERSION = YES;
				CLANG_WARN_NON_LITERAL_NULL_CONVERSION = YES;
				CLANG_WARN_OBJC_IMPLICIT_RETAIN_SELF = YES;
				CLANG_WARN_OBJC_LITERAL_CONVERSION = YES;
				CLANG_WARN_OBJC_ROOT_CLASS = YES_ERROR;
				CLANG_WARN_RANGE_LOOP_ANALYSIS = YES;
				CLANG_WARN_STRICT_PROTOTYPES = YES;
				CLANG_WARN_SUSPICIOUS_MOVE = YES;
				CLANG_WARN_UNGUARDED_AVAILABILITY = YES_AGGRESSIVE;
				CLANG_WARN_UNREACHABLE_CODE = YES;
				CLANG_WARN__DUPLICATE_METHOD_MATCH = YES;
				COPY_PHASE_STRIP = NO;
				DEBUG_INFORMATION_FORMAT = dwarf;
				ENABLE_STRICT_OBJC_MSGSEND = YES;
				ENABLE_TESTABILITY = YES;
				GCC_C_LANGUAGE_STANDARD = gnu11;
				GCC_DYNAMIC_NO_PIC = NO;
				GCC_NO_COMMON_BLOCKS = YES;
				GCC_OPTIMIZATION_LEVEL = 0;
				GCC_PREPROCESSOR_DEFINITIONS = (
					"DEBUG=1",
					"$(inherited)",
				);
				GCC_WARN_64_TO_32_BIT_CONVERSION = YES;
				GCC_WARN_ABOUT_RETURN_TYPE = YES_ERROR;
				GCC_WARN_UNDECLARED_SELECTOR = YES;
				GCC_WARN_UNINITIALIZED_AUTOS = YES_AGGRESSIVE;
				GCC_WARN_UNUSED_FUNCTION = YES;
				GCC_WARN_UNUSED_VARIABLE = YES;
				IPHONEOS_DEPLOYMENT_TARGET = 13.5;
				MTL_ENABLE_DEBUG_INFO = INCLUDE_SOURCE;
				MTL_FAST_MATH = YES;
				ONLY_ACTIVE_ARCH = YES;
				SDKROOT = iphoneos;
				SWIFT_ACTIVE_COMPILATION_CONDITIONS = DEBUG;
				SWIFT_OPTIMIZATION_LEVEL = "-Onone";
			};
			name = Debug;
		};
		65DE0F3A2504323F00177DB3 /* Release */ = {
			isa = XCBuildConfiguration;
			buildSettings = {
				ALWAYS_SEARCH_USER_PATHS = NO;
				CLANG_ANALYZER_NONNULL = YES;
				CLANG_ANALYZER_NUMBER_OBJECT_CONVERSION = YES_AGGRESSIVE;
				CLANG_CXX_LANGUAGE_STANDARD = "gnu++14";
				CLANG_CXX_LIBRARY = "libc++";
				CLANG_ENABLE_MODULES = YES;
				CLANG_ENABLE_OBJC_ARC = YES;
				CLANG_ENABLE_OBJC_WEAK = YES;
				CLANG_WARN_BLOCK_CAPTURE_AUTORELEASING = YES;
				CLANG_WARN_BOOL_CONVERSION = YES;
				CLANG_WARN_COMMA = YES;
				CLANG_WARN_CONSTANT_CONVERSION = YES;
				CLANG_WARN_DEPRECATED_OBJC_IMPLEMENTATIONS = YES;
				CLANG_WARN_DIRECT_OBJC_ISA_USAGE = YES_ERROR;
				CLANG_WARN_DOCUMENTATION_COMMENTS = YES;
				CLANG_WARN_EMPTY_BODY = YES;
				CLANG_WARN_ENUM_CONVERSION = YES;
				CLANG_WARN_INFINITE_RECURSION = YES;
				CLANG_WARN_INT_CONVERSION = YES;
				CLANG_WARN_NON_LITERAL_NULL_CONVERSION = YES;
				CLANG_WARN_OBJC_IMPLICIT_RETAIN_SELF = YES;
				CLANG_WARN_OBJC_LITERAL_CONVERSION = YES;
				CLANG_WARN_OBJC_ROOT_CLASS = YES_ERROR;
				CLANG_WARN_RANGE_LOOP_ANALYSIS = YES;
				CLANG_WARN_STRICT_PROTOTYPES = YES;
				CLANG_WARN_SUSPICIOUS_MOVE = YES;
				CLANG_WARN_UNGUARDED_AVAILABILITY = YES_AGGRESSIVE;
				CLANG_WARN_UNREACHABLE_CODE = YES;
				CLANG_WARN__DUPLICATE_METHOD_MATCH = YES;
				COPY_PHASE_STRIP = NO;
				DEBUG_INFORMATION_FORMAT = "dwarf-with-dsym";
				ENABLE_NS_ASSERTIONS = NO;
				ENABLE_STRICT_OBJC_MSGSEND = YES;
				GCC_C_LANGUAGE_STANDARD = gnu11;
				GCC_NO_COMMON_BLOCKS = YES;
				GCC_WARN_64_TO_32_BIT_CONVERSION = YES;
				GCC_WARN_ABOUT_RETURN_TYPE = YES_ERROR;
				GCC_WARN_UNDECLARED_SELECTOR = YES;
				GCC_WARN_UNINITIALIZED_AUTOS = YES_AGGRESSIVE;
				GCC_WARN_UNUSED_FUNCTION = YES;
				GCC_WARN_UNUSED_VARIABLE = YES;
				IPHONEOS_DEPLOYMENT_TARGET = 13.5;
				MTL_ENABLE_DEBUG_INFO = NO;
				MTL_FAST_MATH = YES;
				SDKROOT = iphoneos;
				SWIFT_COMPILATION_MODE = wholemodule;
				SWIFT_OPTIMIZATION_LEVEL = "-O";
				VALIDATE_PRODUCT = YES;
			};
			name = Release;
		};
		65DE0F3C2504323F00177DB3 /* Debug */ = {
			isa = XCBuildConfiguration;
			buildSettings = {
				ASSETCATALOG_COMPILER_APPICON_NAME = AppIcon;
				CODE_SIGN_STYLE = Automatic;
				INFOPLIST_FILE = "opiAID project/Info.plist";
				LD_RUNPATH_SEARCH_PATHS = (
					"$(inherited)",
					"@executable_path/Frameworks",
				);
				PRODUCT_BUNDLE_IDENTIFIER = "gracechang.opiAID-project";
				PRODUCT_NAME = "$(TARGET_NAME)";
				SWIFT_VERSION = 5.0;
				TARGETED_DEVICE_FAMILY = "1,2";
			};
			name = Debug;
		};
		65DE0F3D2504323F00177DB3 /* Release */ = {
			isa = XCBuildConfiguration;
			buildSettings = {
				ASSETCATALOG_COMPILER_APPICON_NAME = AppIcon;
				CODE_SIGN_STYLE = Automatic;
				INFOPLIST_FILE = "opiAID project/Info.plist";
				LD_RUNPATH_SEARCH_PATHS = (
					"$(inherited)",
					"@executable_path/Frameworks",
				);
				PRODUCT_BUNDLE_IDENTIFIER = "gracechang.opiAID-project";
				PRODUCT_NAME = "$(TARGET_NAME)";
				SWIFT_VERSION = 5.0;
				TARGETED_DEVICE_FAMILY = "1,2";
			};
			name = Release;
		};
		65DE0F3F2504323F00177DB3 /* Debug */ = {
			isa = XCBuildConfiguration;
			buildSettings = {
				ALWAYS_EMBED_SWIFT_STANDARD_LIBRARIES = YES;
				BUNDLE_LOADER = "$(TEST_HOST)";
				CODE_SIGN_STYLE = Automatic;
				INFOPLIST_FILE = "opiAID projectTests/Info.plist";
				IPHONEOS_DEPLOYMENT_TARGET = 13.5;
				LD_RUNPATH_SEARCH_PATHS = (
					"$(inherited)",
					"@executable_path/Frameworks",
					"@loader_path/Frameworks",
				);
				PRODUCT_BUNDLE_IDENTIFIER = "gracechang.opiAID-projectTests";
				PRODUCT_NAME = "$(TARGET_NAME)";
				SWIFT_VERSION = 5.0;
				TARGETED_DEVICE_FAMILY = "1,2";
				TEST_HOST = "$(BUILT_PRODUCTS_DIR)/opiAID project.app/opiAID project";
			};
			name = Debug;
		};
		65DE0F402504323F00177DB3 /* Release */ = {
			isa = XCBuildConfiguration;
			buildSettings = {
				ALWAYS_EMBED_SWIFT_STANDARD_LIBRARIES = YES;
				BUNDLE_LOADER = "$(TEST_HOST)";
				CODE_SIGN_STYLE = Automatic;
				INFOPLIST_FILE = "opiAID projectTests/Info.plist";
				IPHONEOS_DEPLOYMENT_TARGET = 13.5;
				LD_RUNPATH_SEARCH_PATHS = (
					"$(inherited)",
					"@executable_path/Frameworks",
					"@loader_path/Frameworks",
				);
				PRODUCT_BUNDLE_IDENTIFIER = "gracechang.opiAID-projectTests";
				PRODUCT_NAME = "$(TARGET_NAME)";
				SWIFT_VERSION = 5.0;
				TARGETED_DEVICE_FAMILY = "1,2";
				TEST_HOST = "$(BUILT_PRODUCTS_DIR)/opiAID project.app/opiAID project";
			};
			name = Release;
		};
		65DE0F422504323F00177DB3 /* Debug */ = {
			isa = XCBuildConfiguration;
			buildSettings = {
				ALWAYS_EMBED_SWIFT_STANDARD_LIBRARIES = YES;
				CODE_SIGN_STYLE = Automatic;
				INFOPLIST_FILE = "opiAID projectUITests/Info.plist";
				LD_RUNPATH_SEARCH_PATHS = (
					"$(inherited)",
					"@executable_path/Frameworks",
					"@loader_path/Frameworks",
				);
				PRODUCT_BUNDLE_IDENTIFIER = "gracechang.opiAID-projectUITests";
				PRODUCT_NAME = "$(TARGET_NAME)";
				SWIFT_VERSION = 5.0;
				TARGETED_DEVICE_FAMILY = "1,2";
				TEST_TARGET_NAME = "opiAID project";
			};
			name = Debug;
		};
		65DE0F432504323F00177DB3 /* Release */ = {
			isa = XCBuildConfiguration;
			buildSettings = {
				ALWAYS_EMBED_SWIFT_STANDARD_LIBRARIES = YES;
				CODE_SIGN_STYLE = Automatic;
				INFOPLIST_FILE = "opiAID projectUITests/Info.plist";
				LD_RUNPATH_SEARCH_PATHS = (
					"$(inherited)",
					"@executable_path/Frameworks",
					"@loader_path/Frameworks",
				);
				PRODUCT_BUNDLE_IDENTIFIER = "gracechang.opiAID-projectUITests";
				PRODUCT_NAME = "$(TARGET_NAME)";
				SWIFT_VERSION = 5.0;
				TARGETED_DEVICE_FAMILY = "1,2";
				TEST_TARGET_NAME = "opiAID project";
			};
			name = Release;
		};
/* End XCBuildConfiguration section */

/* Begin XCConfigurationList section */
		65DE0F092504323B00177DB3 /* Build configuration list for PBXProject "opiAID project" */ = {
			isa = XCConfigurationList;
			buildConfigurations = (
				65DE0F392504323F00177DB3 /* Debug */,
				65DE0F3A2504323F00177DB3 /* Release */,
			);
			defaultConfigurationIsVisible = 0;
			defaultConfigurationName = Release;
		};
		65DE0F3B2504323F00177DB3 /* Build configuration list for PBXNativeTarget "opiAID project" */ = {
			isa = XCConfigurationList;
			buildConfigurations = (
				65DE0F3C2504323F00177DB3 /* Debug */,
				65DE0F3D2504323F00177DB3 /* Release */,
			);
			defaultConfigurationIsVisible = 0;
			defaultConfigurationName = Release;
		};
		65DE0F3E2504323F00177DB3 /* Build configuration list for PBXNativeTarget "opiAID projectTests" */ = {
			isa = XCConfigurationList;
			buildConfigurations = (
				65DE0F3F2504323F00177DB3 /* Debug */,
				65DE0F402504323F00177DB3 /* Release */,
			);
			defaultConfigurationIsVisible = 0;
			defaultConfigurationName = Release;
		};
		65DE0F412504323F00177DB3 /* Build configuration list for PBXNativeTarget "opiAID projectUITests" */ = {
			isa = XCConfigurationList;
			buildConfigurations = (
				65DE0F422504323F00177DB3 /* Debug */,
				65DE0F432504323F00177DB3 /* Release */,
			);
			defaultConfigurationIsVisible = 0;
			defaultConfigurationName = Release;
		};
/* End XCConfigurationList section */

/* Begin XCVersionGroup section */
		65DE0F1A2504323B00177DB3 /* opiAID_project.xcdatamodeld */ = {
			isa = XCVersionGroup;
			children = (
				65DE0F1B2504323B00177DB3 /* opiAID_project.xcdatamodel */,
			);
			currentVersion = 65DE0F1B2504323B00177DB3 /* opiAID_project.xcdatamodel */;
			path = opiAID_project.xcdatamodeld;
			sourceTree = "<group>";
			versionGroupType = wrapper.xcdatamodel;
		};
/* End XCVersionGroup section */
	};
	rootObject = 65DE0F062504323B00177DB3 /* Project object */;
}
